<?xml version="1.0" encoding="utf-8"?>
<Project ToolsVersion="4.0" xmlns="http://schemas.microsoft.com/developer/msbuild/2003">
  <ItemGroup>
    <ClCompile Include="cAction.cpp" />
    <ClCompile Include="cActionAtk.cpp" />
    <ClCompile Include="cActionFalling.cpp" />
    <ClCompile Include="cActionJump.cpp" />
    <ClCompile Include="cActionMove.cpp" />
    <ClCompile Include="cActionTrace.cpp" />
    <ClCompile Include="cAIManager.cpp" />
    <ClCompile Include="cAllocateHierarchy.cpp" />
    <ClCompile Include="cAnimation.cpp" />
    <ClCompile Include="cArrow.cpp" />
    <ClCompile Include="cAseLoader.cpp" />
    <ClCompile Include="cBoss.cpp" />
    <ClCompile Include="cBossScene.cpp" />
    <ClCompile Include="cBoundBox.cpp" />
    <ClCompile Include="cCamera.cpp" />
    <ClCompile Include="cCharController.cpp" />
    <ClCompile Include="cCube.cpp" />
    <ClCompile Include="cFetish.cpp" />
    <ClCompile Include="cGargantuan.cpp" />
    <ClCompile Include="cLighting.cpp" />
    <ClCompile Include="cMessageManager.cpp" />
    <ClCompile Include="cMonsterAttack.cpp" />
    <ClCompile Include="cMonsterDetecting.cpp" />
    <ClCompile Include="cDeviceManager.cpp" />
    <ClCompile Include="cFontManager.cpp" />
    <ClCompile Include="cGameManager.cpp" />
    <ClCompile Include="cGameObject.cpp" />
    <ClCompile Include="cGamingScene.cpp" />
    <ClCompile Include="cGrid.cpp" />
    <ClCompile Include="cGroup.cpp" />
    <ClCompile Include="cInventory.cpp" />
    <ClCompile Include="cItem.cpp" />
    <ClCompile Include="cKeyManager.cpp" />
    <ClCompile Include="cLoadingScene.cpp" />
    <ClCompile Include="cLogManager.cpp" />
    <ClCompile Include="cMainGame.cpp" />
    <ClCompile Include="cMap.cpp" />
    <ClCompile Include="cMonster.cpp" />
    <ClCompile Include="cGameObjectGlobalState.cpp" />
    <ClCompile Include="cMonsterManager.cpp" />
    <ClCompile Include="cMonsterTrace.cpp" />
    <ClCompile Include="cMtlTex.cpp" />
    <ClCompile Include="cNode.cpp" />
    <ClCompile Include="cOBB.cpp" />
    <ClCompile Include="cObj.cpp" />
    <ClCompile Include="cObject.cpp" />
    <ClCompile Include="cObjLoader.cpp" />
    <ClCompile Include="cPlayer.cpp" />
    <ClCompile Include="cPlayerAttackState.cpp" />
    <ClCompile Include="cPlayerIdleState.cpp" />
    <ClCompile Include="cPlayerManager.cpp" />
    <ClCompile Include="cPlayerMoveState.cpp" />
    <ClCompile Include="cPlayerWarCryState.cpp" />
    <ClCompile Include="cPyramid.cpp" />
    <ClCompile Include="cRay.cpp" />
    <ClCompile Include="cSceneManager.cpp" />
    <ClCompile Include="cSceneObject.cpp" />
    <ClCompile Include="cShaderManager.cpp" />
    <ClCompile Include="cSkeleton.cpp" />
    <ClCompile Include="cSkeletonArcher.cpp" />
    <ClCompile Include="cSkinnedMesh.cpp" />
    <ClCompile Include="cSkinnedMeshManager.cpp" />
    <ClCompile Include="cStitch.cpp" />
    <ClCompile Include="cTrailRenderer.cpp" />
    <ClCompile Include="iState.cpp" />
    <ClCompile Include="cStateMachine.cpp" />
    <ClCompile Include="cTestScene.cpp" />
    <ClCompile Include="cTextureManager.cpp" />
    <ClCompile Include="cTimeManager.cpp" />
    <ClCompile Include="cUIButton.cpp" />
    <ClCompile Include="cUIImage.cpp" />
    <ClCompile Include="cUIItem.cpp" />
    <ClCompile Include="cUiManager.cpp" />
    <ClCompile Include="cUIObject.cpp" />
    <ClCompile Include="cUISkill.cpp" />
    <ClCompile Include="cUIText.cpp" />
    <ClCompile Include="cUtility.cpp" />
    <ClCompile Include="Dx3D.cpp" />
    <ClCompile Include="iAI_Base.cpp" />
    <ClCompile Include="iMap.cpp" />
    <ClCompile Include="MyUtil.cpp" />
    <ClCompile Include="soundManager.cpp" />
    <ClCompile Include="stdafx.cpp" />
    <ClCompile Include="cZombieDog.cpp" />
    <ClCompile Include="cParticle.cpp" />
    <ClCompile Include="cParticleEmitter.cpp" />
  </ItemGroup>
  <ItemGroup>
    <ClInclude Include="Asciitok.h" />
    <ClInclude Include="cAction.h" />
    <ClInclude Include="cActionAtk.h" />
    <ClInclude Include="cActionFalling.h" />
    <ClInclude Include="cActionJump.h" />
    <ClInclude Include="cActionMove.h" />
    <ClInclude Include="cActionTrace.h" />
    <ClInclude Include="cAIManager.h" />
    <ClInclude Include="cAllocateHierarchy.h" />
    <ClInclude Include="cAnimation.h" />
    <ClInclude Include="cArrow.h" />
    <ClInclude Include="cAseLoader.h" />
    <ClInclude Include="cBoss.h" />
    <ClInclude Include="cBossScene.h" />
    <ClInclude Include="cBoundBox.h" />
    <ClInclude Include="cCamera.h" />
    <ClInclude Include="cCharController.h" />
    <ClInclude Include="cCube.h" />
    <ClInclude Include="cFetish.h" />
    <ClInclude Include="cGargantuan.h" />
    <ClInclude Include="cLighting.h" />
    <ClInclude Include="cMessageManager.h" />
    <ClInclude Include="cMonsterAttack.h" />
    <ClInclude Include="cMonsterDetecting.h" />
    <ClInclude Include="cDeviceManager.h" />
    <ClInclude Include="cFontManager.h" />
    <ClInclude Include="cGameManager.h" />
    <ClInclude Include="cGameObject.h" />
    <ClInclude Include="cGamingScene.h" />
    <ClInclude Include="cGrid.h" />
    <ClInclude Include="cGroup.h" />
    <ClInclude Include="cInventory.h" />
    <ClInclude Include="cItem.h" />
    <ClInclude Include="cKeyManager.h" />
    <ClInclude Include="cLoadingScene.h" />
    <ClInclude Include="cLogManager.h" />
    <ClInclude Include="cMainGame.h" />
    <ClInclude Include="cMap.h" />
    <ClInclude Include="cMonster.h" />
    <ClInclude Include="cGameObjectGlobalState.h" />
    <ClInclude Include="cMonsterManager.h" />
    <ClInclude Include="cMonsterTrace.h" />
    <ClInclude Include="cMtlTex.h" />
    <ClInclude Include="cNode.h" />
    <ClInclude Include="cOBB.h" />
    <ClInclude Include="cObj.h" />
    <ClInclude Include="cObject.h" />
    <ClInclude Include="cObjLoader.h" />
    <ClInclude Include="cPlayer.h" />
    <ClInclude Include="cPlayerAttackState.h" />
    <ClInclude Include="cPlayerIdleState.h" />
    <ClInclude Include="cPlayerManager.h" />
    <ClInclude Include="cPlayerMoveState.h" />
    <ClInclude Include="cPlayerWarCryState.h" />
    <ClInclude Include="cPyramid.h" />
    <ClInclude Include="cRay.h" />
    <ClInclude Include="cSceneManager.h" />
    <ClInclude Include="cSceneObject.h" />
    <ClInclude Include="cShaderManager.h" />
    <ClInclude Include="cSkeleton.h" />
    <ClInclude Include="cSkeletonArcher.h" />
    <ClInclude Include="cSkinnedMesh.h" />
    <ClInclude Include="cSkinnedMeshManager.h" />
    <ClInclude Include="cStitch.h" />
    <ClInclude Include="cTrailRenderer.h" />
    <ClInclude Include="iState.h" />
    <ClInclude Include="cStateMachine.h" />
    <ClInclude Include="cTestScene.h" />
    <ClInclude Include="cTextureManager.h" />
    <ClInclude Include="cTimeManager.h" />
    <ClInclude Include="cUIButton.h" />
    <ClInclude Include="cUIImage.h" />
    <ClInclude Include="cUIItem.h" />
    <ClInclude Include="cUiManager.h" />
    <ClInclude Include="cUIObject.h" />
    <ClInclude Include="cUISkill.h" />
    <ClInclude Include="cUIText.h" />
    <ClInclude Include="cUtility.h" />
    <ClInclude Include="Dx3D.h" />
    <ClInclude Include="iActionDelegate.h" />
    <ClInclude Include="iAI_Base.h" />
    <ClInclude Include="iButtonDelegate.h" />
    <ClInclude Include="iMap.h" />
    <ClInclude Include="Item.h" />
    <ClInclude Include="Monster.h" />
    <ClInclude Include="MyUtil.h" />
    <ClInclude Include="playerState.h" />
    <ClInclude Include="Resource.h" />
    <ClInclude Include="singletonBase.h" />
    <ClInclude Include="soundManager.h" />
    <ClInclude Include="stdafx.h" />
    <ClInclude Include="targetver.h" />
    <ClInclude Include="MessageTypes.h" />
    <ClInclude Include="cZombieDog.h" />
    <ClInclude Include="cParticle.h" />
    <ClInclude Include="cParticleEmitter.h" />
  </ItemGroup>
  <ItemGroup>
    <ResourceCompile Include="Dx3D.rc" />
  </ItemGroup>
  <ItemGroup>
    <None Include="Dx3D.ico" />
    <None Include="ReadMe.txt" />
    <None Include="small.ico" />
  </ItemGroup>
</Project>